
Microsoft Visual Studio Solution File, Format Version 12.00
# Visual Studio Version 16
VisualStudioVersion = 16.0.28803.202
MinimumVisualStudioVersion = 10.0.40219.1
Project("{FAE04EC0-301F-11D3-BF4B-00C04F79EFBC}") = "DUBle Watch", "DUBle Watch\DUBle Watch.csproj", "{7F43B2FB-F40A-4C14-8E77-754894C5AF7D}"
EndProject
Global
	GlobalSection(SolutionConfigurationPlatforms) = preSolution
		Debug|Any CPU = Debug|Any CPU
		Release|Any CPU = Release|Any CPU
	EndGlobalSection
	GlobalSection(ProjectConfigurationPlatforms) = postSolution
		{7F43B2FB-F40A-4C14-8E77-754894C5AF7D}.Debug|Any CPU.ActiveCfg = Debug|Any CPU
		{7F43B2FB-F40A-4C14-8E77-754894C5AF7D}.Debug|Any CPU.Build.0 = Debug|Any CPU
		{7F43B2FB-F40A-4C14-8E77-754894C5AF7D}.Release|Any CPU.ActiveCfg = Release|Any CPU
		{7F43B2FB-F40A-4C14-8E77-754894C5AF7D}.Release|Any CPU.Build.0 = Release|Any CPU
	EndGlobalSection
	GlobalSection(SolutionProperties) = preSolution
		HideSolutionNode = FALSE
	EndGlobalSection
	GlobalSection(ExtensibilityGlobals) = postSolution
		SolutionGuid = {74A453F7-9EB5-4983-AB87-F30D8FD529BF}
	EndGlobalSection
EndGlobal
